
Microsoft Visual Studio Solution File, Format Version 12.00
# Visual Studio Version 17
VisualStudioVersion = 17.0.31919.166
MinimumVisualStudioVersion = 10.0.40219.1
Project("{FAE04EC0-301F-11D3-BF4B-00C04F79EFBC}") = "GuessGame", "GuessGame\GuessGame.csproj", "{AA6BAD9C-0223-4DDD-B580-CAA9FA894BE4}"
EndProject
Project("{2150E333-8FDC-42A3-9474-1A3956D46DE8}") = "Solution Items", "Solution Items", "{992D0697-DB19-4073-9E8A-FC78185BFD9F}"
	ProjectSection(SolutionItems) = preProject
		.editorconfig = .editorconfig
	EndProjectSection
EndProject
Global
	GlobalSection(SolutionConfigurationPlatforms) = preSolution
		Debug|Any CPU = Debug|Any CPU
		Release|Any CPU = Release|Any CPU
	EndGlobalSection
	GlobalSection(ProjectConfigurationPlatforms) = postSolution
		{AA6BAD9C-0223-4DDD-B580-CAA9FA894BE4}.Debug|Any CPU.ActiveCfg = Debug|Any CPU
		{AA6BAD9C-0223-4DDD-B580-CAA9FA894BE4}.Debug|Any CPU.Build.0 = Debug|Any CPU
		{AA6BAD9C-0223-4DDD-B580-CAA9FA894BE4}.Release|Any CPU.ActiveCfg = Release|Any CPU
		{AA6BAD9C-0223-4DDD-B580-CAA9FA894BE4}.Release|Any CPU.Build.0 = Release|Any CPU
	EndGlobalSection
	GlobalSection(SolutionProperties) = preSolution
		HideSolutionNode = FALSE
	EndGlobalSection
	GlobalSection(ExtensibilityGlobals) = postSolution
		SolutionGuid = {D376D3F4-B0A7-4385-AF20-F7BC7DF3E0BC}
	EndGlobalSection
EndGlobal
