
Microsoft Visual Studio Solution File, Format Version 12.00
# Visual Studio Version 17
VisualStudioVersion = 17.0.31919.166
MinimumVisualStudioVersion = 10.0.40219.1
Project("{FAE04EC0-301F-11D3-BF4B-00C04F79EFBC}") = "GetAndSet", "GetAndSet\GetAndSet.csproj", "{18FD8DC7-34AD-43EF-9439-80139AB6EFE6}"
EndProject
Global
	GlobalSection(SolutionConfigurationPlatforms) = preSolution
		Debug|Any CPU = Debug|Any CPU
		Release|Any CPU = Release|Any CPU
	EndGlobalSection
	GlobalSection(ProjectConfigurationPlatforms) = postSolution
		{18FD8DC7-34AD-43EF-9439-80139AB6EFE6}.Debug|Any CPU.ActiveCfg = Debug|Any CPU
		{18FD8DC7-34AD-43EF-9439-80139AB6EFE6}.Debug|Any CPU.Build.0 = Debug|Any CPU
		{18FD8DC7-34AD-43EF-9439-80139AB6EFE6}.Release|Any CPU.ActiveCfg = Release|Any CPU
		{18FD8DC7-34AD-43EF-9439-80139AB6EFE6}.Release|Any CPU.Build.0 = Release|Any CPU
	EndGlobalSection
	GlobalSection(SolutionProperties) = preSolution
		HideSolutionNode = FALSE
	EndGlobalSection
	GlobalSection(ExtensibilityGlobals) = postSolution
		SolutionGuid = {34A587D5-1E0A-4F74-86BD-BB7262E5CADC}
	EndGlobalSection
EndGlobal
