
Microsoft Visual Studio Solution File, Format Version 12.00
# Visual Studio Version 17
VisualStudioVersion = 17.0.31919.166
MinimumVisualStudioVersion = 10.0.40219.1
Project("{FAE04EC0-301F-11D3-BF4B-00C04F79EFBC}") = "Student_object", "Student_object\Student_object.csproj", "{C8C2DCED-E3F6-4643-89B2-DA0A5EAC7247}"
EndProject
Global
	GlobalSection(SolutionConfigurationPlatforms) = preSolution
		Debug|Any CPU = Debug|Any CPU
		Release|Any CPU = Release|Any CPU
	EndGlobalSection
	GlobalSection(ProjectConfigurationPlatforms) = postSolution
		{C8C2DCED-E3F6-4643-89B2-DA0A5EAC7247}.Debug|Any CPU.ActiveCfg = Debug|Any CPU
		{C8C2DCED-E3F6-4643-89B2-DA0A5EAC7247}.Debug|Any CPU.Build.0 = Debug|Any CPU
		{C8C2DCED-E3F6-4643-89B2-DA0A5EAC7247}.Release|Any CPU.ActiveCfg = Release|Any CPU
		{C8C2DCED-E3F6-4643-89B2-DA0A5EAC7247}.Release|Any CPU.Build.0 = Release|Any CPU
	EndGlobalSection
	GlobalSection(SolutionProperties) = preSolution
		HideSolutionNode = FALSE
	EndGlobalSection
	GlobalSection(ExtensibilityGlobals) = postSolution
		SolutionGuid = {A82552D1-23A2-42BD-B5C8-0AACA93B0C67}
	EndGlobalSection
EndGlobal
