
Microsoft Visual Studio Solution File, Format Version 12.00
# Visual Studio Version 17
VisualStudioVersion = 17.0.31919.166
MinimumVisualStudioVersion = 10.0.40219.1
Project("{FAE04EC0-301F-11D3-BF4B-00C04F79EFBC}") = "UnderstandStatic", "UnderstandStatic\UnderstandStatic.csproj", "{0289A2FD-0810-4E1F-8BE8-9E833EF4E7FC}"
EndProject
Global
	GlobalSection(SolutionConfigurationPlatforms) = preSolution
		Debug|Any CPU = Debug|Any CPU
		Release|Any CPU = Release|Any CPU
	EndGlobalSection
	GlobalSection(ProjectConfigurationPlatforms) = postSolution
		{0289A2FD-0810-4E1F-8BE8-9E833EF4E7FC}.Debug|Any CPU.ActiveCfg = Debug|Any CPU
		{0289A2FD-0810-4E1F-8BE8-9E833EF4E7FC}.Debug|Any CPU.Build.0 = Debug|Any CPU
		{0289A2FD-0810-4E1F-8BE8-9E833EF4E7FC}.Release|Any CPU.ActiveCfg = Release|Any CPU
		{0289A2FD-0810-4E1F-8BE8-9E833EF4E7FC}.Release|Any CPU.Build.0 = Release|Any CPU
	EndGlobalSection
	GlobalSection(SolutionProperties) = preSolution
		HideSolutionNode = FALSE
	EndGlobalSection
	GlobalSection(ExtensibilityGlobals) = postSolution
		SolutionGuid = {7164E780-0CA8-4E43-BD03-0B3711D0F264}
	EndGlobalSection
EndGlobal
