
Microsoft Visual Studio Solution File, Format Version 12.00
# Visual Studio Version 17
VisualStudioVersion = 17.0.31919.166
MinimumVisualStudioVersion = 10.0.40219.1
Project("{FAE04EC0-301F-11D3-BF4B-00C04F79EFBC}") = "BetterCalculator", "BetterCalculator\BetterCalculator.csproj", "{2CABC760-A6DB-404B-8236-16202B2E6644}"
EndProject
Global
	GlobalSection(SolutionConfigurationPlatforms) = preSolution
		Debug|Any CPU = Debug|Any CPU
		Release|Any CPU = Release|Any CPU
	EndGlobalSection
	GlobalSection(ProjectConfigurationPlatforms) = postSolution
		{2CABC760-A6DB-404B-8236-16202B2E6644}.Debug|Any CPU.ActiveCfg = Debug|Any CPU
		{2CABC760-A6DB-404B-8236-16202B2E6644}.Debug|Any CPU.Build.0 = Debug|Any CPU
		{2CABC760-A6DB-404B-8236-16202B2E6644}.Release|Any CPU.ActiveCfg = Release|Any CPU
		{2CABC760-A6DB-404B-8236-16202B2E6644}.Release|Any CPU.Build.0 = Release|Any CPU
	EndGlobalSection
	GlobalSection(SolutionProperties) = preSolution
		HideSolutionNode = FALSE
	EndGlobalSection
	GlobalSection(ExtensibilityGlobals) = postSolution
		SolutionGuid = {5931F684-6399-46E3-B1B9-6C5E873EDBB1}
	EndGlobalSection
EndGlobal
