
Microsoft Visual Studio Solution File, Format Version 12.00
# Visual Studio Version 17
VisualStudioVersion = 17.0.31919.166
MinimumVisualStudioVersion = 10.0.40219.1
Project("{FAE04EC0-301F-11D3-BF4B-00C04F79EFBC}") = "ConsoleApp1", "ConsoleApp1\ConsoleApp1.csproj", "{8C7F7717-89C8-4041-9DE4-8B3AFA42A4E4}"
EndProject
Global
	GlobalSection(SolutionConfigurationPlatforms) = preSolution
		Debug|Any CPU = Debug|Any CPU
		Release|Any CPU = Release|Any CPU
	EndGlobalSection
	GlobalSection(ProjectConfigurationPlatforms) = postSolution
		{8C7F7717-89C8-4041-9DE4-8B3AFA42A4E4}.Debug|Any CPU.ActiveCfg = Debug|Any CPU
		{8C7F7717-89C8-4041-9DE4-8B3AFA42A4E4}.Debug|Any CPU.Build.0 = Debug|Any CPU
		{8C7F7717-89C8-4041-9DE4-8B3AFA42A4E4}.Release|Any CPU.ActiveCfg = Release|Any CPU
		{8C7F7717-89C8-4041-9DE4-8B3AFA42A4E4}.Release|Any CPU.Build.0 = Release|Any CPU
	EndGlobalSection
	GlobalSection(SolutionProperties) = preSolution
		HideSolutionNode = FALSE
	EndGlobalSection
	GlobalSection(ExtensibilityGlobals) = postSolution
		SolutionGuid = {13DDB27F-43B6-4F41-BC5A-EB6736494D91}
	EndGlobalSection
EndGlobal
