
Microsoft Visual Studio Solution File, Format Version 12.00
# Visual Studio Version 17
VisualStudioVersion = 17.0.31919.166
MinimumVisualStudioVersion = 10.0.40219.1
Project("{FAE04EC0-301F-11D3-BF4B-00C04F79EFBC}") = "DependecyInjection_Method", "DependecyInjection_Method\DependecyInjection_Method.csproj", "{768F2EC8-DF5D-46F3-B3C0-26579D1190CB}"
EndProject
Global
	GlobalSection(SolutionConfigurationPlatforms) = preSolution
		Debug|Any CPU = Debug|Any CPU
		Release|Any CPU = Release|Any CPU
	EndGlobalSection
	GlobalSection(ProjectConfigurationPlatforms) = postSolution
		{768F2EC8-DF5D-46F3-B3C0-26579D1190CB}.Debug|Any CPU.ActiveCfg = Debug|Any CPU
		{768F2EC8-DF5D-46F3-B3C0-26579D1190CB}.Debug|Any CPU.Build.0 = Debug|Any CPU
		{768F2EC8-DF5D-46F3-B3C0-26579D1190CB}.Release|Any CPU.ActiveCfg = Release|Any CPU
		{768F2EC8-DF5D-46F3-B3C0-26579D1190CB}.Release|Any CPU.Build.0 = Release|Any CPU
	EndGlobalSection
	GlobalSection(SolutionProperties) = preSolution
		HideSolutionNode = FALSE
	EndGlobalSection
	GlobalSection(ExtensibilityGlobals) = postSolution
		SolutionGuid = {41208E79-E962-4BAD-AD8F-EFAB00AE94F4}
	EndGlobalSection
EndGlobal
